// !$*UTF8*$!
{
	archiveVersion = 1;
	classes = {
	};
	objectVersion = 46;
	objects = {

/* Begin PBXBuildFile section */
		05A4DF7116EEA16C0000F470 /* UIKit.framework in Frameworks */ = {isa = PBXBuildFile; fileRef = 05A4DF7016EEA16C0000F470 /* UIKit.framework */; };
		05A4DF7316EEA16C0000F470 /* Foundation.framework in Frameworks */ = {isa = PBXBuildFile; fileRef = 05A4DF7216EEA16C0000F470 /* Foundation.framework */; };
		05A4DF7516EEA16C0000F470 /* CoreGraphics.framework in Frameworks */ = {isa = PBXBuildFile; fileRef = 05A4DF7416EEA16C0000F470 /* CoreGraphics.framework */; };
		05A4DF7B16EEA16C0000F470 /* InfoPlist.strings in Resources */ = {isa = PBXBuildFile; fileRef = 05A4DF7916EEA16C0000F470 /* InfoPlist.strings */; };
		05A4DF7D16EEA16C0000F470 /* main.m in Sources */ = {isa = PBXBuildFile; fileRef = 05A4DF7C16EEA16C0000F470 /* main.m */; };
		05A4DF8116EEA16C0000F470 /* AppDelegate.m in Sources */ = {isa = PBXBuildFile; fileRef = 05A4DF8016EEA16C0000F470 /* AppDelegate.m */; };
		05A4DF8316EEA16C0000F470 /* Default.png in Resources */ = {isa = PBXBuildFile; fileRef = 05A4DF8216EEA16C0000F470 /* Default.png */; };
		05A4DF8516EEA16C0000F470 /* Default@2x.png in Resources */ = {isa = PBXBuildFile; fileRef = 05A4DF8416EEA16C0000F470 /* Default@2x.png */; };
		05A4DF8716EEA16C0000F470 /* Default-568h@2x.png in Resources */ = {isa = PBXBuildFile; fileRef = 05A4DF8616EEA16C0000F470 /* Default-568h@2x.png */; };
		05A4DF8A16EEA16C0000F470 /* SignupLoginViewController.m in Sources */ = {isa = PBXBuildFile; fileRef = 05A4DF8916EEA16C0000F470 /* SignupLoginViewController.m */; };
		05A4DF8C16EEA16C0000F470 /* first.png in Resources */ = {isa = PBXBuildFile; fileRef = 05A4DF8B16EEA16C0000F470 /* first.png */; };
		05A4DF8E16EEA16C0000F470 /* first@2x.png in Resources */ = {isa = PBXBuildFile; fileRef = 05A4DF8D16EEA16C0000F470 /* first@2x.png */; };
		05A4DF9116EEA16C0000F470 /* LoginViewController.m in Sources */ = {isa = PBXBuildFile; fileRef = 05A4DF9016EEA16C0000F470 /* LoginViewController.m */; };
		05A4DF9316EEA16C0000F470 /* second.png in Resources */ = {isa = PBXBuildFile; fileRef = 05A4DF9216EEA16C0000F470 /* second.png */; };
		05A4DF9516EEA16C0000F470 /* second@2x.png in Resources */ = {isa = PBXBuildFile; fileRef = 05A4DF9416EEA16C0000F470 /* second@2x.png */; };
		05A4DF9816EEA16C0000F470 /* SignupLoginViewController.xib in Resources */ = {isa = PBXBuildFile; fileRef = 05A4DF9616EEA16C0000F470 /* SignupLoginViewController.xib */; };
		05A4DF9B16EEA16C0000F470 /* LoginViewController.xib in Resources */ = {isa = PBXBuildFile; fileRef = 05A4DF9916EEA16C0000F470 /* LoginViewController.xib */; };
		05A4DFA616EEBB820000F470 /* Default-Portrait~ipad.png in Resources */ = {isa = PBXBuildFile; fileRef = 05A4DFA516EEBB820000F470 /* Default-Portrait~ipad.png */; };
		05A4DFA816EEBB880000F470 /* Default-Portrait@2x~ipad.png in Resources */ = {isa = PBXBuildFile; fileRef = 05A4DFA716EEBB880000F470 /* Default-Portrait@2x~ipad.png */; };
		05A4DFAF16EEC27B0000F470 /* bg_signup_login_768_1004.png in Resources */ = {isa = PBXBuildFile; fileRef = 05A4DFAD16EEC27B0000F470 /* bg_signup_login_768_1004.png */; };
		05A4DFB016EEC27B0000F470 /* bg_signup_login_1536_2008.png in Resources */ = {isa = PBXBuildFile; fileRef = 05A4DFAE16EEC27B0000F470 /* bg_signup_login_1536_2008.png */; };
		05A4DFB516EEC6460000F470 /* login_481_90.png in Resources */ = {isa = PBXBuildFile; fileRef = 05A4DFB116EEC6460000F470 /* login_481_90.png */; };
		05A4DFB616EEC6460000F470 /* login_962_180.png in Resources */ = {isa = PBXBuildFile; fileRef = 05A4DFB216EEC6460000F470 /* login_962_180.png */; };
		05A4DFB716EEC6460000F470 /* signup_481_90.png in Resources */ = {isa = PBXBuildFile; fileRef = 05A4DFB316EEC6460000F470 /* signup_481_90.png */; };
		05A4DFB816EEC6460000F470 /* signup_962_180.png in Resources */ = {isa = PBXBuildFile; fileRef = 05A4DFB416EEC6460000F470 /* signup_962_180.png */; };
		05B6EF0016F5682600146842 /* btn_swap_camera_76_40.png in Resources */ = {isa = PBXBuildFile; fileRef = 05B6EEFE16F5682600146842 /* btn_swap_camera_76_40.png */; };
		05B6EF0116F5682600146842 /* btn_swap_camera_152_80.png in Resources */ = {isa = PBXBuildFile; fileRef = 05B6EEFF16F5682600146842 /* btn_swap_camera_152_80.png */; };
		05B6EF0616F5930D00146842 /* bg_takephoto_lightsoff_768_955.png in Resources */ = {isa = PBXBuildFile; fileRef = 05B6EF0216F5930D00146842 /* bg_takephoto_lightsoff_768_955.png */; };
		05B6EF0716F5930D00146842 /* bg_takephoto_lightsoff_1536_1910.png in Resources */ = {isa = PBXBuildFile; fileRef = 05B6EF0316F5930D00146842 /* bg_takephoto_lightsoff_1536_1910.png */; };
		05B6EF0816F5930D00146842 /* bg_takephoto_lightson_768_955.png in Resources */ = {isa = PBXBuildFile; fileRef = 05B6EF0416F5930D00146842 /* bg_takephoto_lightson_768_955.png */; };
		05B6EF0916F5930D00146842 /* bg_takephoto_lightson_1536_1910.png in Resources */ = {isa = PBXBuildFile; fileRef = 05B6EF0516F5930D00146842 /* bg_takephoto_lightson_1536_1910.png */; };
		05B6EF0C16F5943600146842 /* bg_takephoto_lightsfull_768_955.png in Resources */ = {isa = PBXBuildFile; fileRef = 05B6EF0A16F5943600146842 /* bg_takephoto_lightsfull_768_955.png */; };
		05B6EF0D16F5943600146842 /* bg_takephoto_lightsfull_1536_1910.png in Resources */ = {isa = PBXBuildFile; fileRef = 05B6EF0B16F5943600146842 /* bg_takephoto_lightsfull_1536_1910.png */; };
		05B6EF0F16F5961C00146842 /* getready.wav in Resources */ = {isa = PBXBuildFile; fileRef = 05B6EF0E16F5961C00146842 /* getready.wav */; };
		05B6EF1116F5963400146842 /* countdown.wav in Resources */ = {isa = PBXBuildFile; fileRef = 05B6EF1016F5963400146842 /* countdown.wav */; };
		05B6EF1316F5A02300146842 /* CoreImage.framework in Frameworks */ = {isa = PBXBuildFile; fileRef = 05B6EF1216F5A02300146842 /* CoreImage.framework */; };
		05B6EF1616F6B2D800146842 /* selection.wav in Resources */ = {isa = PBXBuildFile; fileRef = 05B6EF1516F6B2D800146842 /* selection.wav */; };
		05B6EF1816F6B63100146842 /* pickfavorite.wav in Resources */ = {isa = PBXBuildFile; fileRef = 05B6EF1716F6B63100146842 /* pickfavorite.wav */; };
		05B6EF1D16F6BA5E00146842 /* GalleryViewController.m in Sources */ = {isa = PBXBuildFile; fileRef = 05B6EF1B16F6BA5E00146842 /* GalleryViewController.m */; };
		05B6EF1E16F6BA5E00146842 /* GalleryViewController.xib in Resources */ = {isa = PBXBuildFile; fileRef = 05B6EF1C16F6BA5E00146842 /* GalleryViewController.xib */; };
		05B6EF2216F6BB1500146842 /* bg_gallery_768_955.png in Resources */ = {isa = PBXBuildFile; fileRef = 05B6EF2016F6BB1500146842 /* bg_gallery_768_955.png */; };
		05B6EF2316F6BB1500146842 /* bg_gallery_1536_1910.png in Resources */ = {isa = PBXBuildFile; fileRef = 05B6EF2116F6BB1500146842 /* bg_gallery_1536_1910.png */; };
		05B6EF2816F7040400146842 /* GallerySelectedPhotoViewController.m in Sources */ = {isa = PBXBuildFile; fileRef = 05B6EF2616F7040400146842 /* GallerySelectedPhotoViewController.m */; };
		05B6EF2916F7040400146842 /* GallerySelectedPhotoViewController.xib in Resources */ = {isa = PBXBuildFile; fileRef = 05B6EF2716F7040400146842 /* GallerySelectedPhotoViewController.xib */; };
		05B6EF3116F7065B00146842 /* bg_gallery_select_photo_768_955.png in Resources */ = {isa = PBXBuildFile; fileRef = 05B6EF2F16F7065B00146842 /* bg_gallery_select_photo_768_955.png */; };
		05B6EF3216F7065B00146842 /* bg_gallery_select_photo_1536_1910.png in Resources */ = {isa = PBXBuildFile; fileRef = 05B6EF3016F7065B00146842 /* bg_gallery_select_photo_1536_1910.png */; };
		05B6EF3716F71C0C00146842 /* SharePhotoViewController.m in Sources */ = {isa = PBXBuildFile; fileRef = 05B6EF3516F71C0C00146842 /* SharePhotoViewController.m */; };
		05B6EF3816F71C0C00146842 /* SharePhotoViewController.xib in Resources */ = {isa = PBXBuildFile; fileRef = 05B6EF3616F71C0C00146842 /* SharePhotoViewController.xib */; };
		05B6EF3C16F71C7100146842 /* bg_share_photo_768_955.png in Resources */ = {isa = PBXBuildFile; fileRef = 05B6EF3A16F71C7100146842 /* bg_share_photo_768_955.png */; };
		05B6EF3D16F71C7100146842 /* bg_share_photo_1536_1910.png in Resources */ = {isa = PBXBuildFile; fileRef = 05B6EF3B16F71C7100146842 /* bg_share_photo_1536_1910.png */; };
		05D88BC216EFE33100A87D62 /* btn_signin_304_44.png in Resources */ = {isa = PBXBuildFile; fileRef = 05D88BC016EFE33100A87D62 /* btn_signin_304_44.png */; };
		05D88BC316EFE33100A87D62 /* btn_signin_608_88.png in Resources */ = {isa = PBXBuildFile; fileRef = 05D88BC116EFE33100A87D62 /* btn_signin_608_88.png */; };
		05D88BCA16F0159300A87D62 /* img_brand_344_68.png in Resources */ = {isa = PBXBuildFile; fileRef = 05D88BC816F0159300A87D62 /* img_brand_344_68.png */; };
		05D88BCB16F0159300A87D62 /* img_brand_688_136.png in Resources */ = {isa = PBXBuildFile; fileRef = 05D88BC916F0159300A87D62 /* img_brand_688_136.png */; };
		05D88BCE16F0159C00A87D62 /* bg_login_gradient_768_960.png in Resources */ = {isa = PBXBuildFile; fileRef = 05D88BCC16F0159C00A87D62 /* bg_login_gradient_768_960.png */; };
		05D88BCF16F0159C00A87D62 /* bg_login_gradient_1536_1920.png in Resources */ = {isa = PBXBuildFile; fileRef = 05D88BCD16F0159C00A87D62 /* bg_login_gradient_1536_1920.png */; };
		05D88BD316F02C9100A87D62 /* SignupViewController.xib in Resources */ = {isa = PBXBuildFile; fileRef = 05D88BD116F02C9100A87D62 /* SignupViewController.xib */; };
		05D88BD816F02CE700A87D62 /* SignupViewController.m in Sources */ = {isa = PBXBuildFile; fileRef = 05D88BD716F02CE700A87D62 /* SignupViewController.m */; };
		05D88BDC16F031A200A87D62 /* bg_signup_768_960.png in Resources */ = {isa = PBXBuildFile; fileRef = 05D88BDA16F031A200A87D62 /* bg_signup_768_960.png */; };
		05D88BDD16F031A200A87D62 /* bg_signup_1536_1920.png in Resources */ = {isa = PBXBuildFile; fileRef = 05D88BDB16F031A200A87D62 /* bg_signup_1536_1920.png */; };
		05D88BE016F0338900A87D62 /* btn_submit_305_47.png in Resources */ = {isa = PBXBuildFile; fileRef = 05D88BDE16F0338900A87D62 /* btn_submit_305_47.png */; };
		05D88BE116F0338900A87D62 /* btn_submit_610_94.png in Resources */ = {isa = PBXBuildFile; fileRef = 05D88BDF16F0338900A87D62 /* btn_submit_610_94.png */; };
		05D88BE416F18D9D00A87D62 /* TakePhotoViewController.xib in Resources */ = {isa = PBXBuildFile; fileRef = 05D88BE316F18D9D00A87D62 /* TakePhotoViewController.xib */; };
		05D88BE716F18DDE00A87D62 /* TakePhotoViewController.m in Sources */ = {isa = PBXBuildFile; fileRef = 05D88BE616F18DDE00A87D62 /* TakePhotoViewController.m */; };
		05D88BEB16F1917100A87D62 /* takephoto_768_955.png in Resources */ = {isa = PBXBuildFile; fileRef = 05D88BE916F1917100A87D62 /* takephoto_768_955.png */; };
		05D88BEC16F1917100A87D62 /* takephoto_1536_1910.png in Resources */ = {isa = PBXBuildFile; fileRef = 05D88BEA16F1917100A87D62 /* takephoto_1536_1910.png */; };
		05D88BF616F1B7CE00A87D62 /* tabbar_768_87.png in Resources */ = {isa = PBXBuildFile; fileRef = 05D88BF516F1B7CD00A87D62 /* tabbar_768_87.png */; };
		05D88BF816F2956B00A87D62 /* ImageIO.framework in Frameworks */ = {isa = PBXBuildFile; fileRef = 05D88BF716F2956B00A87D62 /* ImageIO.framework */; };
		05D88BFA16F2957300A87D62 /* AVFoundation.framework in Frameworks */ = {isa = PBXBuildFile; fileRef = 05D88BF916F2957300A87D62 /* AVFoundation.framework */; };
		05D88BFC16F2957E00A87D62 /* CoreVideo.framework in Frameworks */ = {isa = PBXBuildFile; fileRef = 05D88BFB16F2957E00A87D62 /* CoreVideo.framework */; };
		05D88BFE16F2958900A87D62 /* CoreMedia.framework in Frameworks */ = {isa = PBXBuildFile; fileRef = 05D88BFD16F2958900A87D62 /* CoreMedia.framework */; };
		05D88C0016F295A300A87D62 /* QuartzCore.framework in Frameworks */ = {isa = PBXBuildFile; fileRef = 05D88BFF16F295A300A87D62 /* QuartzCore.framework */; };
		05D88C0516F2B74E00A87D62 /* SelectFavoriteViewController.m in Sources */ = {isa = PBXBuildFile; fileRef = 05D88C0316F2B74E00A87D62 /* SelectFavoriteViewController.m */; };
		05D88C0616F2B74E00A87D62 /* SelectFavoriteViewController.xib in Resources */ = {isa = PBXBuildFile; fileRef = 05D88C0416F2B74E00A87D62 /* SelectFavoriteViewController.xib */; };
		05D88C0B16F2B81E00A87D62 /* bg_select_favorite_1536_1910.png in Resources */ = {isa = PBXBuildFile; fileRef = 05D88C0916F2B81D00A87D62 /* bg_select_favorite_1536_1910.png */; };
		05D88C0D16F30AC500A87D62 /* bg_select_favorite_768_955.png in Resources */ = {isa = PBXBuildFile; fileRef = 05D88C0C16F30AC500A87D62 /* bg_select_favorite_768_955.png */; };
		05D88C1216F30B1D00A87D62 /* SelectedPhotoViewController.m in Sources */ = {isa = PBXBuildFile; fileRef = 05D88C1016F30B1D00A87D62 /* SelectedPhotoViewController.m */; };
		05D88C1316F30B1D00A87D62 /* SelectedPhotoViewController.xib in Resources */ = {isa = PBXBuildFile; fileRef = 05D88C1116F30B1D00A87D62 /* SelectedPhotoViewController.xib */; };
		05D88C1716F30BB900A87D62 /* bg_selectedphoto_768_955.png in Resources */ = {isa = PBXBuildFile; fileRef = 05D88C1516F30BB900A87D62 /* bg_selectedphoto_768_955.png */; };
		05D88C1816F30BB900A87D62 /* bg_selectedphoto_1536_1910.png in Resources */ = {isa = PBXBuildFile; fileRef = 05D88C1616F30BB900A87D62 /* bg_selectedphoto_1536_1910.png */; };
/* End PBXBuildFile section */

/* Begin PBXFileReference section */
		05A4DF6D16EEA16C0000F470 /* photomationapp.app */ = {isa = PBXFileReference; explicitFileType = wrapper.application; includeInIndex = 0; path = photomationapp.app; sourceTree = BUILT_PRODUCTS_DIR; };
		05A4DF7016EEA16C0000F470 /* UIKit.framework */ = {isa = PBXFileReference; lastKnownFileType = wrapper.framework; name = UIKit.framework; path = System/Library/Frameworks/UIKit.framework; sourceTree = SDKROOT; };
		05A4DF7216EEA16C0000F470 /* Foundation.framework */ = {isa = PBXFileReference; lastKnownFileType = wrapper.framework; name = Foundation.framework; path = System/Library/Frameworks/Foundation.framework; sourceTree = SDKROOT; };
		05A4DF7416EEA16C0000F470 /* CoreGraphics.framework */ = {isa = PBXFileReference; lastKnownFileType = wrapper.framework; name = CoreGraphics.framework; path = System/Library/Frameworks/CoreGraphics.framework; sourceTree = SDKROOT; };
		05A4DF7816EEA16C0000F470 /* PhotomationApp-Info.plist */ = {isa = PBXFileReference; lastKnownFileType = text.plist.xml; path = "PhotomationApp-Info.plist"; sourceTree = "<group>"; };
		05A4DF7A16EEA16C0000F470 /* en */ = {isa = PBXFileReference; lastKnownFileType = text.plist.strings; name = en; path = en.lproj/InfoPlist.strings; sourceTree = "<group>"; };
		05A4DF7C16EEA16C0000F470 /* main.m */ = {isa = PBXFileReference; lastKnownFileType = sourcecode.c.objc; path = main.m; sourceTree = "<group>"; };
		05A4DF7E16EEA16C0000F470 /* PhotomationApp-Prefix.pch */ = {isa = PBXFileReference; lastKnownFileType = sourcecode.c.h; path = "PhotomationApp-Prefix.pch"; sourceTree = "<group>"; };
		05A4DF7F16EEA16C0000F470 /* AppDelegate.h */ = {isa = PBXFileReference; lastKnownFileType = sourcecode.c.h; path = AppDelegate.h; sourceTree = "<group>"; };
		05A4DF8016EEA16C0000F470 /* AppDelegate.m */ = {isa = PBXFileReference; lastKnownFileType = sourcecode.c.objc; path = AppDelegate.m; sourceTree = "<group>"; };
		05A4DF8216EEA16C0000F470 /* Default.png */ = {isa = PBXFileReference; lastKnownFileType = image.png; path = Default.png; sourceTree = "<group>"; };
		05A4DF8416EEA16C0000F470 /* Default@2x.png */ = {isa = PBXFileReference; lastKnownFileType = image.png; path = "Default@2x.png"; sourceTree = "<group>"; };
		05A4DF8616EEA16C0000F470 /* Default-568h@2x.png */ = {isa = PBXFileReference; lastKnownFileType = image.png; path = "Default-568h@2x.png"; sourceTree = "<group>"; };
		05A4DF8816EEA16C0000F470 /* SignupLoginViewController.h */ = {isa = PBXFileReference; lastKnownFileType = sourcecode.c.h; path = SignupLoginViewController.h; sourceTree = "<group>"; };
		05A4DF8916EEA16C0000F470 /* SignupLoginViewController.m */ = {isa = PBXFileReference; lastKnownFileType = sourcecode.c.objc; path = SignupLoginViewController.m; sourceTree = "<group>"; };
		05A4DF8B16EEA16C0000F470 /* first.png */ = {isa = PBXFileReference; lastKnownFileType = image.png; path = first.png; sourceTree = "<group>"; };
		05A4DF8D16EEA16C0000F470 /* first@2x.png */ = {isa = PBXFileReference; lastKnownFileType = image.png; path = "first@2x.png"; sourceTree = "<group>"; };
		05A4DF8F16EEA16C0000F470 /* LoginViewController.h */ = {isa = PBXFileReference; lastKnownFileType = sourcecode.c.h; path = LoginViewController.h; sourceTree = "<group>"; };
		05A4DF9016EEA16C0000F470 /* LoginViewController.m */ = {isa = PBXFileReference; lastKnownFileType = sourcecode.c.objc; path = LoginViewController.m; sourceTree = "<group>"; };
		05A4DF9216EEA16C0000F470 /* second.png */ = {isa = PBXFileReference; lastKnownFileType = image.png; path = second.png; sourceTree = "<group>"; };
		05A4DF9416EEA16C0000F470 /* second@2x.png */ = {isa = PBXFileReference; lastKnownFileType = image.png; path = "second@2x.png"; sourceTree = "<group>"; };
		05A4DF9716EEA16C0000F470 /* en */ = {isa = PBXFileReference; lastKnownFileType = file.xib; name = en; path = en.lproj/SignupLoginViewController.xib; sourceTree = "<group>"; };
		05A4DF9A16EEA16C0000F470 /* en */ = {isa = PBXFileReference; lastKnownFileType = file.xib; name = en; path = en.lproj/LoginViewController.xib; sourceTree = "<group>"; };
		05A4DFA516EEBB820000F470 /* Default-Portrait~ipad.png */ = {isa = PBXFileReference; lastKnownFileType = image.png; name = "Default-Portrait~ipad.png"; path = "../Default-Portrait~ipad.png"; sourceTree = "<group>"; };
		05A4DFA716EEBB880000F470 /* Default-Portrait@2x~ipad.png */ = {isa = PBXFileReference; lastKnownFileType = image.png; name = "Default-Portrait@2x~ipad.png"; path = "../Default-Portrait@2x~ipad.png"; sourceTree = "<group>"; };
		05A4DFAD16EEC27B0000F470 /* bg_signup_login_768_1004.png */ = {isa = PBXFileReference; lastKnownFileType = image.png; path = bg_signup_login_768_1004.png; sourceTree = "<group>"; };
		05A4DFAE16EEC27B0000F470 /* bg_signup_login_1536_2008.png */ = {isa = PBXFileReference; lastKnownFileType = image.png; path = bg_signup_login_1536_2008.png; sourceTree = "<group>"; };
		05A4DFB116EEC6460000F470 /* login_481_90.png */ = {isa = PBXFileReference; lastKnownFileType = image.png; path = login_481_90.png; sourceTree = "<group>"; };
		05A4DFB216EEC6460000F470 /* login_962_180.png */ = {isa = PBXFileReference; lastKnownFileType = image.png; path = login_962_180.png; sourceTree = "<group>"; };
		05A4DFB316EEC6460000F470 /* signup_481_90.png */ = {isa = PBXFileReference; lastKnownFileType = image.png; path = signup_481_90.png; sourceTree = "<group>"; };
		05A4DFB416EEC6460000F470 /* signup_962_180.png */ = {isa = PBXFileReference; lastKnownFileType = image.png; path = signup_962_180.png; sourceTree = "<group>"; };
		05B6EEFE16F5682600146842 /* btn_swap_camera_76_40.png */ = {isa = PBXFileReference; lastKnownFileType = image.png; path = btn_swap_camera_76_40.png; sourceTree = "<group>"; };
		05B6EEFF16F5682600146842 /* btn_swap_camera_152_80.png */ = {isa = PBXFileReference; lastKnownFileType = image.png; path = btn_swap_camera_152_80.png; sourceTree = "<group>"; };
		05B6EF0216F5930D00146842 /* bg_takephoto_lightsoff_768_955.png */ = {isa = PBXFileReference; lastKnownFileType = image.png; path = bg_takephoto_lightsoff_768_955.png; sourceTree = "<group>"; };
		05B6EF0316F5930D00146842 /* bg_takephoto_lightsoff_1536_1910.png */ = {isa = PBXFileReference; lastKnownFileType = image.png; path = bg_takephoto_lightsoff_1536_1910.png; sourceTree = "<group>"; };
		05B6EF0416F5930D00146842 /* bg_takephoto_lightson_768_955.png */ = {isa = PBXFileReference; lastKnownFileType = image.png; path = bg_takephoto_lightson_768_955.png; sourceTree = "<group>"; };
		05B6EF0516F5930D00146842 /* bg_takephoto_lightson_1536_1910.png */ = {isa = PBXFileReference; lastKnownFileType = image.png; path = bg_takephoto_lightson_1536_1910.png; sourceTree = "<group>"; };
		05B6EF0A16F5943600146842 /* bg_takephoto_lightsfull_768_955.png */ = {isa = PBXFileReference; lastKnownFileType = image.png; path = bg_takephoto_lightsfull_768_955.png; sourceTree = "<group>"; };
		05B6EF0B16F5943600146842 /* bg_takephoto_lightsfull_1536_1910.png */ = {isa = PBXFileReference; lastKnownFileType = image.png; path = bg_takephoto_lightsfull_1536_1910.png; sourceTree = "<group>"; };
		05B6EF0E16F5961C00146842 /* getready.wav */ = {isa = PBXFileReference; lastKnownFileType = audio.wav; path = getready.wav; sourceTree = "<group>"; };
		05B6EF1016F5963400146842 /* countdown.wav */ = {isa = PBXFileReference; lastKnownFileType = audio.wav; path = countdown.wav; sourceTree = "<group>"; };
		05B6EF1216F5A02300146842 /* CoreImage.framework */ = {isa = PBXFileReference; lastKnownFileType = wrapper.framework; name = CoreImage.framework; path = System/Library/Frameworks/CoreImage.framework; sourceTree = SDKROOT; };
		05B6EF1516F6B2D800146842 /* selection.wav */ = {isa = PBXFileReference; lastKnownFileType = audio.wav; path = selection.wav; sourceTree = "<group>"; };
		05B6EF1716F6B63100146842 /* pickfavorite.wav */ = {isa = PBXFileReference; lastKnownFileType = audio.wav; path = pickfavorite.wav; sourceTree = "<group>"; };
		05B6EF1A16F6BA5E00146842 /* GalleryViewController.h */ = {isa = PBXFileReference; fileEncoding = 4; lastKnownFileType = sourcecode.c.h; path = GalleryViewController.h; sourceTree = "<group>"; };
		05B6EF1B16F6BA5E00146842 /* GalleryViewController.m */ = {isa = PBXFileReference; fileEncoding = 4; lastKnownFileType = sourcecode.c.objc; path = GalleryViewController.m; sourceTree = "<group>"; };
		05B6EF1C16F6BA5E00146842 /* GalleryViewController.xib */ = {isa = PBXFileReference; fileEncoding = 4; lastKnownFileType = file.xib; path = GalleryViewController.xib; sourceTree = "<group>"; };
		05B6EF2016F6BB1500146842 /* bg_gallery_768_955.png */ = {isa = PBXFileReference; lastKnownFileType = image.png; path = bg_gallery_768_955.png; sourceTree = "<group>"; };
		05B6EF2116F6BB1500146842 /* bg_gallery_1536_1910.png */ = {isa = PBXFileReference; lastKnownFileType = image.png; path = bg_gallery_1536_1910.png; sourceTree = "<group>"; };
		05B6EF2516F7040400146842 /* GallerySelectedPhotoViewController.h */ = {isa = PBXFileReference; fileEncoding = 4; lastKnownFileType = sourcecode.c.h; path = GallerySelectedPhotoViewController.h; sourceTree = "<group>"; };
		05B6EF2616F7040400146842 /* GallerySelectedPhotoViewController.m */ = {isa = PBXFileReference; fileEncoding = 4; lastKnownFileType = sourcecode.c.objc; path = GallerySelectedPhotoViewController.m; sourceTree = "<group>"; };
		05B6EF2716F7040400146842 /* GallerySelectedPhotoViewController.xib */ = {isa = PBXFileReference; fileEncoding = 4; lastKnownFileType = file.xib; path = GallerySelectedPhotoViewController.xib; sourceTree = "<group>"; };
		05B6EF2F16F7065B00146842 /* bg_gallery_select_photo_768_955.png */ = {isa = PBXFileReference; lastKnownFileType = image.png; path = bg_gallery_select_photo_768_955.png; sourceTree = "<group>"; };
		05B6EF3016F7065B00146842 /* bg_gallery_select_photo_1536_1910.png */ = {isa = PBXFileReference; lastKnownFileType = image.png; path = bg_gallery_select_photo_1536_1910.png; sourceTree = "<group>"; };
		05B6EF3416F71C0C00146842 /* SharePhotoViewController.h */ = {isa = PBXFileReference; fileEncoding = 4; lastKnownFileType = sourcecode.c.h; path = SharePhotoViewController.h; sourceTree = "<group>"; };
		05B6EF3516F71C0C00146842 /* SharePhotoViewController.m */ = {isa = PBXFileReference; fileEncoding = 4; lastKnownFileType = sourcecode.c.objc; path = SharePhotoViewController.m; sourceTree = "<group>"; };
		05B6EF3616F71C0C00146842 /* SharePhotoViewController.xib */ = {isa = PBXFileReference; fileEncoding = 4; lastKnownFileType = file.xib; path = SharePhotoViewController.xib; sourceTree = "<group>"; };
		05B6EF3A16F71C7100146842 /* bg_share_photo_768_955.png */ = {isa = PBXFileReference; lastKnownFileType = image.png; path = bg_share_photo_768_955.png; sourceTree = "<group>"; };
		05B6EF3B16F71C7100146842 /* bg_share_photo_1536_1910.png */ = {isa = PBXFileReference; lastKnownFileType = image.png; path = bg_share_photo_1536_1910.png; sourceTree = "<group>"; };
		05D88BC016EFE33100A87D62 /* btn_signin_304_44.png */ = {isa = PBXFileReference; lastKnownFileType = image.png; path = btn_signin_304_44.png; sourceTree = "<group>"; };
		05D88BC116EFE33100A87D62 /* btn_signin_608_88.png */ = {isa = PBXFileReference; lastKnownFileType = image.png; path = btn_signin_608_88.png; sourceTree = "<group>"; };
		05D88BC816F0159300A87D62 /* img_brand_344_68.png */ = {isa = PBXFileReference; lastKnownFileType = image.png; path = img_brand_344_68.png; sourceTree = "<group>"; };
		05D88BC916F0159300A87D62 /* img_brand_688_136.png */ = {isa = PBXFileReference; lastKnownFileType = image.png; path = img_brand_688_136.png; sourceTree = "<group>"; };
		05D88BCC16F0159C00A87D62 /* bg_login_gradient_768_960.png */ = {isa = PBXFileReference; lastKnownFileType = image.png; path = bg_login_gradient_768_960.png; sourceTree = "<group>"; };
		05D88BCD16F0159C00A87D62 /* bg_login_gradient_1536_1920.png */ = {isa = PBXFileReference; lastKnownFileType = image.png; path = bg_login_gradient_1536_1920.png; sourceTree = "<group>"; };
		05D88BD216F02C9100A87D62 /* en */ = {isa = PBXFileReference; lastKnownFileType = file.xib; name = en; path = en.lproj/SignupViewController.xib; sourceTree = "<group>"; };
		05D88BD616F02CD600A87D62 /* SignupViewController.h */ = {isa = PBXFileReference; fileEncoding = 4; lastKnownFileType = sourcecode.c.h; path = SignupViewController.h; sourceTree = "<group>"; };
		05D88BD716F02CE700A87D62 /* SignupViewController.m */ = {isa = PBXFileReference; fileEncoding = 4; lastKnownFileType = sourcecode.c.objc; path = SignupViewController.m; sourceTree = "<group>"; };
		05D88BDA16F031A200A87D62 /* bg_signup_768_960.png */ = {isa = PBXFileReference; lastKnownFileType = image.png; path = bg_signup_768_960.png; sourceTree = "<group>"; };
		05D88BDB16F031A200A87D62 /* bg_signup_1536_1920.png */ = {isa = PBXFileReference; lastKnownFileType = image.png; path = bg_signup_1536_1920.png; sourceTree = "<group>"; };
		05D88BDE16F0338900A87D62 /* btn_submit_305_47.png */ = {isa = PBXFileReference; lastKnownFileType = image.png; path = btn_submit_305_47.png; sourceTree = "<group>"; };
		05D88BDF16F0338900A87D62 /* btn_submit_610_94.png */ = {isa = PBXFileReference; lastKnownFileType = image.png; path = btn_submit_610_94.png; sourceTree = "<group>"; };
		05D88BE316F18D9D00A87D62 /* TakePhotoViewController.xib */ = {isa = PBXFileReference; fileEncoding = 4; lastKnownFileType = file.xib; path = TakePhotoViewController.xib; sourceTree = "<group>"; };
		05D88BE516F18DDE00A87D62 /* TakePhotoViewController.h */ = {isa = PBXFileReference; fileEncoding = 4; lastKnownFileType = sourcecode.c.h; path = TakePhotoViewController.h; sourceTree = "<group>"; };
		05D88BE616F18DDE00A87D62 /* TakePhotoViewController.m */ = {isa = PBXFileReference; fileEncoding = 4; lastKnownFileType = sourcecode.c.objc; path = TakePhotoViewController.m; sourceTree = "<group>"; };
		05D88BE916F1917100A87D62 /* takephoto_768_955.png */ = {isa = PBXFileReference; lastKnownFileType = image.png; path = takephoto_768_955.png; sourceTree = "<group>"; };
		05D88BEA16F1917100A87D62 /* takephoto_1536_1910.png */ = {isa = PBXFileReference; lastKnownFileType = image.png; path = takephoto_1536_1910.png; sourceTree = "<group>"; };
		05D88BF516F1B7CD00A87D62 /* tabbar_768_87.png */ = {isa = PBXFileReference; lastKnownFileType = image.png; path = tabbar_768_87.png; sourceTree = "<group>"; };
		05D88BF716F2956B00A87D62 /* ImageIO.framework */ = {isa = PBXFileReference; lastKnownFileType = wrapper.framework; name = ImageIO.framework; path = System/Library/Frameworks/ImageIO.framework; sourceTree = SDKROOT; };
		05D88BF916F2957300A87D62 /* AVFoundation.framework */ = {isa = PBXFileReference; lastKnownFileType = wrapper.framework; name = AVFoundation.framework; path = System/Library/Frameworks/AVFoundation.framework; sourceTree = SDKROOT; };
		05D88BFB16F2957E00A87D62 /* CoreVideo.framework */ = {isa = PBXFileReference; lastKnownFileType = wrapper.framework; name = CoreVideo.framework; path = System/Library/Frameworks/CoreVideo.framework; sourceTree = SDKROOT; };
		05D88BFD16F2958900A87D62 /* CoreMedia.framework */ = {isa = PBXFileReference; lastKnownFileType = wrapper.framework; name = CoreMedia.framework; path = System/Library/Frameworks/CoreMedia.framework; sourceTree = SDKROOT; };
		05D88BFF16F295A300A87D62 /* QuartzCore.framework */ = {isa = PBXFileReference; lastKnownFileType = wrapper.framework; name = QuartzCore.framework; path = System/Library/Frameworks/QuartzCore.framework; sourceTree = SDKROOT; };
		05D88C0216F2B74E00A87D62 /* SelectFavoriteViewController.h */ = {isa = PBXFileReference; fileEncoding = 4; lastKnownFileType = sourcecode.c.h; path = SelectFavoriteViewController.h; sourceTree = "<group>"; };
		05D88C0316F2B74E00A87D62 /* SelectFavoriteViewController.m */ = {isa = PBXFileReference; fileEncoding = 4; lastKnownFileType = sourcecode.c.objc; path = SelectFavoriteViewController.m; sourceTree = "<group>"; };
		05D88C0416F2B74E00A87D62 /* SelectFavoriteViewController.xib */ = {isa = PBXFileReference; fileEncoding = 4; lastKnownFileType = file.xib; path = SelectFavoriteViewController.xib; sourceTree = "<group>"; };
		05D88C0916F2B81D00A87D62 /* bg_select_favorite_1536_1910.png */ = {isa = PBXFileReference; lastKnownFileType = image.png; name = bg_select_favorite_1536_1910.png; path = ../../../assets/george/bg_select_favorite_1536_1910.png; sourceTree = "<group>"; };
		05D88C0C16F30AC500A87D62 /* bg_select_favorite_768_955.png */ = {isa = PBXFileReference; lastKnownFileType = image.png; path = bg_select_favorite_768_955.png; sourceTree = "<group>"; };
		05D88C0F16F30B1D00A87D62 /* SelectedPhotoViewController.h */ = {isa = PBXFileReference; fileEncoding = 4; lastKnownFileType = sourcecode.c.h; path = SelectedPhotoViewController.h; sourceTree = "<group>"; };
		05D88C1016F30B1D00A87D62 /* SelectedPhotoViewController.m */ = {isa = PBXFileReference; fileEncoding = 4; lastKnownFileType = sourcecode.c.objc; path = SelectedPhotoViewController.m; sourceTree = "<group>"; };
		05D88C1116F30B1D00A87D62 /* SelectedPhotoViewController.xib */ = {isa = PBXFileReference; fileEncoding = 4; lastKnownFileType = file.xib; path = SelectedPhotoViewController.xib; sourceTree = "<group>"; };
		05D88C1516F30BB900A87D62 /* bg_selectedphoto_768_955.png */ = {isa = PBXFileReference; lastKnownFileType = image.png; path = bg_selectedphoto_768_955.png; sourceTree = "<group>"; };
		05D88C1616F30BB900A87D62 /* bg_selectedphoto_1536_1910.png */ = {isa = PBXFileReference; lastKnownFileType = image.png; path = bg_selectedphoto_1536_1910.png; sourceTree = "<group>"; };
/* End PBXFileReference section */

/* Begin PBXFrameworksBuildPhase section */
		05A4DF6A16EEA16C0000F470 /* Frameworks */ = {
			isa = PBXFrameworksBuildPhase;
			buildActionMask = 2147483647;
			files = (
				05B6EF1316F5A02300146842 /* CoreImage.framework in Frameworks */,
				05A4DF7516EEA16C0000F470 /* CoreGraphics.framework in Frameworks */,
				05A4DF7316EEA16C0000F470 /* Foundation.framework in Frameworks */,
				05A4DF7116EEA16C0000F470 /* UIKit.framework in Frameworks */,
				05D88C0016F295A300A87D62 /* QuartzCore.framework in Frameworks */,
				05D88BFA16F2957300A87D62 /* AVFoundation.framework in Frameworks */,
				05D88BFE16F2958900A87D62 /* CoreMedia.framework in Frameworks */,
				05D88BFC16F2957E00A87D62 /* CoreVideo.framework in Frameworks */,
				05D88BF816F2956B00A87D62 /* ImageIO.framework in Frameworks */,
			);
			runOnlyForDeploymentPostprocessing = 0;
		};
/* End PBXFrameworksBuildPhase section */

/* Begin PBXGroup section */
		05A4DF6416EEA16C0000F470 = {
			isa = PBXGroup;
			children = (
				05B6EF1216F5A02300146842 /* CoreImage.framework */,
				05D88BFF16F295A300A87D62 /* QuartzCore.framework */,
				05D88BFD16F2958900A87D62 /* CoreMedia.framework */,
				05D88BFB16F2957E00A87D62 /* CoreVideo.framework */,
				05D88BF916F2957300A87D62 /* AVFoundation.framework */,
				05D88BF716F2956B00A87D62 /* ImageIO.framework */,
				05A4DF7616EEA16C0000F470 /* PhotomationApp */,
				05A4DF6F16EEA16C0000F470 /* Frameworks */,
				05A4DF6E16EEA16C0000F470 /* Products */,
			);
			sourceTree = "<group>";
		};
		05A4DF6E16EEA16C0000F470 /* Products */ = {
			isa = PBXGroup;
			children = (
				05A4DF6D16EEA16C0000F470 /* photomationapp.app */,
			);
			name = Products;
			sourceTree = "<group>";
		};
		05A4DF6F16EEA16C0000F470 /* Frameworks */ = {
			isa = PBXGroup;
			children = (
				05A4DF7016EEA16C0000F470 /* UIKit.framework */,
				05A4DF7216EEA16C0000F470 /* Foundation.framework */,
				05A4DF7416EEA16C0000F470 /* CoreGraphics.framework */,
			);
			name = Frameworks;
			sourceTree = "<group>";
		};
		05A4DF7616EEA16C0000F470 /* PhotomationApp */ = {
			isa = PBXGroup;
			children = (
				05B6EF3316F71BF500146842 /* sharephoto_view */,
				05B6EF2416F703E700146842 /* galleryselectedphoto_view */,
				05B6EF1916F6BA4900146842 /* gallery_view */,
				05B6EF1416F6B2CE00146842 /* res */,
				05D88C0E16F30B0600A87D62 /* selectedphoto_view */,
				05D88C0116F2B72900A87D62 /* selectfavorite_view */,
				05D88BE216F18D5400A87D62 /* takephoto_view */,
				05D88BD016F02B3200A87D62 /* signup_view */,
				05D88BBA16EFCC4F00A87D62 /* login_view */,
				05A4DFAB16EEBF560000F470 /* tabbar */,
				05A4DFA416EEB4350000F470 /* signup_login_view */,
				05A4DF7716EEA16C0000F470 /* Main */,
			);
			path = PhotomationApp;
			sourceTree = "<group>";
		};
		05A4DF7716EEA16C0000F470 /* Main */ = {
			isa = PBXGroup;
			children = (
				05A4DFAA16EEBBBC0000F470 /* src */,
				05A4DFA916EEBBA10000F470 /* res */,
				05A4DF7816EEA16C0000F470 /* PhotomationApp-Info.plist */,
				05A4DF7916EEA16C0000F470 /* InfoPlist.strings */,
				05A4DF7E16EEA16C0000F470 /* PhotomationApp-Prefix.pch */,
			);
			name = Main;
			sourceTree = "<group>";
		};
		05A4DFA416EEB4350000F470 /* signup_login_view */ = {
			isa = PBXGroup;
			children = (
				05A4DFAC16EEC26A0000F470 /* res */,
				05A4DF9616EEA16C0000F470 /* SignupLoginViewController.xib */,
				05A4DF8816EEA16C0000F470 /* SignupLoginViewController.h */,
				05A4DF8916EEA16C0000F470 /* SignupLoginViewController.m */,
			);
			name = signup_login_view;
			sourceTree = "<group>";
		};
		05A4DFA916EEBBA10000F470 /* res */ = {
			isa = PBXGroup;
			children = (
				05A4DF8216EEA16C0000F470 /* Default.png */,
				05A4DF8416EEA16C0000F470 /* Default@2x.png */,
				05A4DF8616EEA16C0000F470 /* Default-568h@2x.png */,
				05A4DFA716EEBB880000F470 /* Default-Portrait@2x~ipad.png */,
				05A4DFA516EEBB820000F470 /* Default-Portrait~ipad.png */,
			);
			name = res;
			sourceTree = "<group>";
		};
		05A4DFAA16EEBBBC0000F470 /* src */ = {
			isa = PBXGroup;
			children = (
				05A4DF7C16EEA16C0000F470 /* main.m */,
				05A4DF7F16EEA16C0000F470 /* AppDelegate.h */,
				05A4DF8016EEA16C0000F470 /* AppDelegate.m */,
			);
			name = src;
			sourceTree = "<group>";
		};
		05A4DFAB16EEBF560000F470 /* tabbar */ = {
			isa = PBXGroup;
			children = (
				05A4DF9216EEA16C0000F470 /* second.png */,
				05A4DF9416EEA16C0000F470 /* second@2x.png */,
				05A4DF8B16EEA16C0000F470 /* first.png */,
				05A4DF8D16EEA16C0000F470 /* first@2x.png */,
			);
			name = tabbar;
			sourceTree = "<group>";
		};
		05A4DFAC16EEC26A0000F470 /* res */ = {
			isa = PBXGroup;
			children = (
				05A4DFB116EEC6460000F470 /* login_481_90.png */,
				05A4DFB216EEC6460000F470 /* login_962_180.png */,
				05A4DFB316EEC6460000F470 /* signup_481_90.png */,
				05A4DFB416EEC6460000F470 /* signup_962_180.png */,
				05A4DFAD16EEC27B0000F470 /* bg_signup_login_768_1004.png */,
				05A4DFAE16EEC27B0000F470 /* bg_signup_login_1536_2008.png */,
			);
			name = res;
			sourceTree = "<group>";
		};
		05B6EF1416F6B2CE00146842 /* res */ = {
			isa = PBXGroup;
			children = (
				05B6EF1516F6B2D800146842 /* selection.wav */,
			);
			name = res;
			sourceTree = "<group>";
		};
		05B6EF1916F6BA4900146842 /* gallery_view */ = {
			isa = PBXGroup;
			children = (
				05B6EF1F16F6BAB400146842 /* res */,
				05B6EF1A16F6BA5E00146842 /* GalleryViewController.h */,
				05B6EF1B16F6BA5E00146842 /* GalleryViewController.m */,
				05B6EF1C16F6BA5E00146842 /* GalleryViewController.xib */,
			);
			name = gallery_view;
			sourceTree = "<group>";
		};
		05B6EF1F16F6BAB400146842 /* res */ = {
			isa = PBXGroup;
			children = (
				05B6EF2016F6BB1500146842 /* bg_gallery_768_955.png */,
				05B6EF2116F6BB1500146842 /* bg_gallery_1536_1910.png */,
			);
			name = res;
			sourceTree = "<group>";
		};
		05B6EF2416F703E700146842 /* galleryselectedphoto_view */ = {
			isa = PBXGroup;
			children = (
				05B6EF2A16F7056400146842 /* res */,
				05B6EF2516F7040400146842 /* GallerySelectedPhotoViewController.h */,
				05B6EF2616F7040400146842 /* GallerySelectedPhotoViewController.m */,
				05B6EF2716F7040400146842 /* GallerySelectedPhotoViewController.xib */,
			);
			name = galleryselectedphoto_view;
			sourceTree = "<group>";
		};
		05B6EF2A16F7056400146842 /* res */ = {
			isa = PBXGroup;
			children = (
				05B6EF2F16F7065B00146842 /* bg_gallery_select_photo_768_955.png */,
				05B6EF3016F7065B00146842 /* bg_gallery_select_photo_1536_1910.png */,
			);
			name = res;
			sourceTree = "<group>";
		};
		05B6EF3316F71BF500146842 /* sharephoto_view */ = {
			isa = PBXGroup;
			children = (
				05B6EF3916F71C5900146842 /* res */,
				05B6EF3416F71C0C00146842 /* SharePhotoViewController.h */,
				05B6EF3516F71C0C00146842 /* SharePhotoViewController.m */,
				05B6EF3616F71C0C00146842 /* SharePhotoViewController.xib */,
			);
			name = sharephoto_view;
			sourceTree = "<group>";
		};
		05B6EF3916F71C5900146842 /* res */ = {
			isa = PBXGroup;
			children = (
				05B6EF3A16F71C7100146842 /* bg_share_photo_768_955.png */,
				05B6EF3B16F71C7100146842 /* bg_share_photo_1536_1910.png */,
			);
			name = res;
			sourceTree = "<group>";
		};
		05D88BBA16EFCC4F00A87D62 /* login_view */ = {
			isa = PBXGroup;
			children = (
				05D88BBB16EFE1C200A87D62 /* res */,
				05A4DF8F16EEA16C0000F470 /* LoginViewController.h */,
				05A4DF9016EEA16C0000F470 /* LoginViewController.m */,
				05A4DF9916EEA16C0000F470 /* LoginViewController.xib */,
			);
			name = login_view;
			sourceTree = "<group>";
		};
		05D88BBB16EFE1C200A87D62 /* res */ = {
			isa = PBXGroup;
			children = (
				05D88BCC16F0159C00A87D62 /* bg_login_gradient_768_960.png */,
				05D88BCD16F0159C00A87D62 /* bg_login_gradient_1536_1920.png */,
				05D88BC816F0159300A87D62 /* img_brand_344_68.png */,
				05D88BC916F0159300A87D62 /* img_brand_688_136.png */,
				05D88BC016EFE33100A87D62 /* btn_signin_304_44.png */,
				05D88BC116EFE33100A87D62 /* btn_signin_608_88.png */,
			);
			name = res;
			sourceTree = "<group>";
		};
		05D88BD016F02B3200A87D62 /* signup_view */ = {
			isa = PBXGroup;
			children = (
				05D88BD916F0311300A87D62 /* res */,
				05D88BD116F02C9100A87D62 /* SignupViewController.xib */,
				05D88BD716F02CE700A87D62 /* SignupViewController.m */,
				05D88BD616F02CD600A87D62 /* SignupViewController.h */,
			);
			name = signup_view;
			sourceTree = "<group>";
		};
		05D88BD916F0311300A87D62 /* res */ = {
			isa = PBXGroup;
			children = (
				05D88BDE16F0338900A87D62 /* btn_submit_305_47.png */,
				05D88BDF16F0338900A87D62 /* btn_submit_610_94.png */,
				05D88BDA16F031A200A87D62 /* bg_signup_768_960.png */,
				05D88BDB16F031A200A87D62 /* bg_signup_1536_1920.png */,
			);
			name = res;
			sourceTree = "<group>";
		};
		05D88BE216F18D5400A87D62 /* takephoto_view */ = {
			isa = PBXGroup;
			children = (
				05D88BE816F1916600A87D62 /* res */,
				05D88BE316F18D9D00A87D62 /* TakePhotoViewController.xib */,
				05D88BE516F18DDE00A87D62 /* TakePhotoViewController.h */,
				05D88BE616F18DDE00A87D62 /* TakePhotoViewController.m */,
			);
			name = takephoto_view;
			sourceTree = "<group>";
		};
		05D88BE816F1916600A87D62 /* res */ = {
			isa = PBXGroup;
			children = (
				05B6EF1016F5963400146842 /* countdown.wav */,
				05B6EF0E16F5961C00146842 /* getready.wav */,
				05B6EF0A16F5943600146842 /* bg_takephoto_lightsfull_768_955.png */,
				05B6EF0B16F5943600146842 /* bg_takephoto_lightsfull_1536_1910.png */,
				05B6EF0216F5930D00146842 /* bg_takephoto_lightsoff_768_955.png */,
				05B6EF0316F5930D00146842 /* bg_takephoto_lightsoff_1536_1910.png */,
				05B6EF0416F5930D00146842 /* bg_takephoto_lightson_768_955.png */,
				05B6EF0516F5930D00146842 /* bg_takephoto_lightson_1536_1910.png */,
				05B6EEFE16F5682600146842 /* btn_swap_camera_76_40.png */,
				05B6EEFF16F5682600146842 /* btn_swap_camera_152_80.png */,
				05D88BF516F1B7CD00A87D62 /* tabbar_768_87.png */,
				05D88BE916F1917100A87D62 /* takephoto_768_955.png */,
				05D88BEA16F1917100A87D62 /* takephoto_1536_1910.png */,
			);
			name = res;
			sourceTree = "<group>";
		};
		05D88C0116F2B72900A87D62 /* selectfavorite_view */ = {
			isa = PBXGroup;
			children = (
				05D88C0716F2B7E900A87D62 /* res */,
				05D88C0216F2B74E00A87D62 /* SelectFavoriteViewController.h */,
				05D88C0316F2B74E00A87D62 /* SelectFavoriteViewController.m */,
				05D88C0416F2B74E00A87D62 /* SelectFavoriteViewController.xib */,
			);
			name = selectfavorite_view;
			sourceTree = "<group>";
		};
		05D88C0716F2B7E900A87D62 /* res */ = {
			isa = PBXGroup;
			children = (
				05B6EF1716F6B63100146842 /* pickfavorite.wav */,
				05D88C0C16F30AC500A87D62 /* bg_select_favorite_768_955.png */,
				05D88C0916F2B81D00A87D62 /* bg_select_favorite_1536_1910.png */,
			);
			name = res;
			sourceTree = "<group>";
		};
		05D88C0E16F30B0600A87D62 /* selectedphoto_view */ = {
			isa = PBXGroup;
			children = (
				05D88C1416F30BA400A87D62 /* res */,
				05D88C0F16F30B1D00A87D62 /* SelectedPhotoViewController.h */,
				05D88C1016F30B1D00A87D62 /* SelectedPhotoViewController.m */,
				05D88C1116F30B1D00A87D62 /* SelectedPhotoViewController.xib */,
			);
			name = selectedphoto_view;
			sourceTree = "<group>";
		};
		05D88C1416F30BA400A87D62 /* res */ = {
			isa = PBXGroup;
			children = (
				05D88C1516F30BB900A87D62 /* bg_selectedphoto_768_955.png */,
				05D88C1616F30BB900A87D62 /* bg_selectedphoto_1536_1910.png */,
			);
			name = res;
			sourceTree = "<group>";
		};
/* End PBXGroup section */

/* Begin PBXNativeTarget section */
		05A4DF6C16EEA16C0000F470 /* photomationapp */ = {
			isa = PBXNativeTarget;
			buildConfigurationList = 05A4DF9E16EEA16D0000F470 /* Build configuration list for PBXNativeTarget "photomationapp" */;
			buildPhases = (
				05A4DF6916EEA16C0000F470 /* Sources */,
				05A4DF6A16EEA16C0000F470 /* Frameworks */,
				05A4DF6B16EEA16C0000F470 /* Resources */,
			);
			buildRules = (
			);
			dependencies = (
			);
			name = photomationapp;
			productName = PhotomationApp;
			productReference = 05A4DF6D16EEA16C0000F470 /* photomationapp.app */;
			productType = "com.apple.product-type.application";
		};
/* End PBXNativeTarget section */

/* Begin PBXProject section */
		05A4DF6516EEA16C0000F470 /* Project object */ = {
			isa = PBXProject;
			attributes = {
				LastUpgradeCheck = 0460;
				ORGANIZATIONNAME = "Dev Null Enterprises, LLC";
			};
			buildConfigurationList = 05A4DF6816EEA16C0000F470 /* Build configuration list for PBXProject "PhotomationApp" */;
			compatibilityVersion = "Xcode 3.2";
			developmentRegion = English;
			hasScannedForEncodings = 0;
			knownRegions = (
				en,
			);
			mainGroup = 05A4DF6416EEA16C0000F470;
			productRefGroup = 05A4DF6E16EEA16C0000F470 /* Products */;
			projectDirPath = "";
			projectRoot = "";
			targets = (
				05A4DF6C16EEA16C0000F470 /* photomationapp */,
			);
		};
/* End PBXProject section */

/* Begin PBXResourcesBuildPhase section */
		05A4DF6B16EEA16C0000F470 /* Resources */ = {
			isa = PBXResourcesBuildPhase;
			buildActionMask = 2147483647;
			files = (
				05A4DF7B16EEA16C0000F470 /* InfoPlist.strings in Resources */,
				05A4DF8316EEA16C0000F470 /* Default.png in Resources */,
				05A4DF8516EEA16C0000F470 /* Default@2x.png in Resources */,
				05A4DF8716EEA16C0000F470 /* Default-568h@2x.png in Resources */,
				05A4DF8C16EEA16C0000F470 /* first.png in Resources */,
				05A4DF8E16EEA16C0000F470 /* first@2x.png in Resources */,
				05A4DF9316EEA16C0000F470 /* second.png in Resources */,
				05A4DF9516EEA16C0000F470 /* second@2x.png in Resources */,
				05A4DF9816EEA16C0000F470 /* SignupLoginViewController.xib in Resources */,
				05A4DF9B16EEA16C0000F470 /* LoginViewController.xib in Resources */,
				05A4DFA616EEBB820000F470 /* Default-Portrait~ipad.png in Resources */,
				05A4DFA816EEBB880000F470 /* Default-Portrait@2x~ipad.png in Resources */,
				05A4DFAF16EEC27B0000F470 /* bg_signup_login_768_1004.png in Resources */,
				05A4DFB016EEC27B0000F470 /* bg_signup_login_1536_2008.png in Resources */,
				05A4DFB516EEC6460000F470 /* login_481_90.png in Resources */,
				05A4DFB616EEC6460000F470 /* login_962_180.png in Resources */,
				05A4DFB716EEC6460000F470 /* signup_481_90.png in Resources */,
				05A4DFB816EEC6460000F470 /* signup_962_180.png in Resources */,
				05D88BC216EFE33100A87D62 /* btn_signin_304_44.png in Resources */,
				05D88BC316EFE33100A87D62 /* btn_signin_608_88.png in Resources */,
				05D88BCA16F0159300A87D62 /* img_brand_344_68.png in Resources */,
				05D88BCB16F0159300A87D62 /* img_brand_688_136.png in Resources */,
				05D88BCE16F0159C00A87D62 /* bg_login_gradient_768_960.png in Resources */,
				05D88BCF16F0159C00A87D62 /* bg_login_gradient_1536_1920.png in Resources */,
				05D88BD316F02C9100A87D62 /* SignupViewController.xib in Resources */,
				05D88BDC16F031A200A87D62 /* bg_signup_768_960.png in Resources */,
				05D88BDD16F031A200A87D62 /* bg_signup_1536_1920.png in Resources */,
				05D88BE016F0338900A87D62 /* btn_submit_305_47.png in Resources */,
				05D88BE116F0338900A87D62 /* btn_submit_610_94.png in Resources */,
				05D88BE416F18D9D00A87D62 /* TakePhotoViewController.xib in Resources */,
				05D88BEB16F1917100A87D62 /* takephoto_768_955.png in Resources */,
				05D88BEC16F1917100A87D62 /* takephoto_1536_1910.png in Resources */,
				05D88BF616F1B7CE00A87D62 /* tabbar_768_87.png in Resources */,
				05D88C0616F2B74E00A87D62 /* SelectFavoriteViewController.xib in Resources */,
				05D88C0B16F2B81E00A87D62 /* bg_select_favorite_1536_1910.png in Resources */,
				05D88C0D16F30AC500A87D62 /* bg_select_favorite_768_955.png in Resources */,
				05D88C1316F30B1D00A87D62 /* SelectedPhotoViewController.xib in Resources */,
				05D88C1716F30BB900A87D62 /* bg_selectedphoto_768_955.png in Resources */,
				05D88C1816F30BB900A87D62 /* bg_selectedphoto_1536_1910.png in Resources */,
				05B6EF0016F5682600146842 /* btn_swap_camera_76_40.png in Resources */,
				05B6EF0116F5682600146842 /* btn_swap_camera_152_80.png in Resources */,
				05B6EF0616F5930D00146842 /* bg_takephoto_lightsoff_768_955.png in Resources */,
				05B6EF0716F5930D00146842 /* bg_takephoto_lightsoff_1536_1910.png in Resources */,
				05B6EF0816F5930D00146842 /* bg_takephoto_lightson_768_955.png in Resources */,
				05B6EF0916F5930D00146842 /* bg_takephoto_lightson_1536_1910.png in Resources */,
				05B6EF0C16F5943600146842 /* bg_takephoto_lightsfull_768_955.png in Resources */,
				05B6EF0D16F5943600146842 /* bg_takephoto_lightsfull_1536_1910.png in Resources */,
				05B6EF0F16F5961C00146842 /* getready.wav in Resources */,
				05B6EF1116F5963400146842 /* countdown.wav in Resources */,
				05B6EF1616F6B2D800146842 /* selection.wav in Resources */,
				05B6EF1816F6B63100146842 /* pickfavorite.wav in Resources */,
				05B6EF1E16F6BA5E00146842 /* GalleryViewController.xib in Resources */,
				05B6EF2216F6BB1500146842 /* bg_gallery_768_955.png in Resources */,
				05B6EF2316F6BB1500146842 /* bg_gallery_1536_1910.png in Resources */,
				05B6EF2916F7040400146842 /* GallerySelectedPhotoViewController.xib in Resources */,
				05B6EF3116F7065B00146842 /* bg_gallery_select_photo_768_955.png in Resources */,
				05B6EF3216F7065B00146842 /* bg_gallery_select_photo_1536_1910.png in Resources */,
				05B6EF3816F71C0C00146842 /* SharePhotoViewController.xib in Resources */,
				05B6EF3C16F71C7100146842 /* bg_share_photo_768_955.png in Resources */,
				05B6EF3D16F71C7100146842 /* bg_share_photo_1536_1910.png in Resources */,
			);
			runOnlyForDeploymentPostprocessing = 0;
		};
/* End PBXResourcesBuildPhase section */

/* Begin PBXSourcesBuildPhase section */
		05A4DF6916EEA16C0000F470 /* Sources */ = {
			isa = PBXSourcesBuildPhase;
			buildActionMask = 2147483647;
			files = (
				05A4DF7D16EEA16C0000F470 /* main.m in Sources */,
				05A4DF8116EEA16C0000F470 /* AppDelegate.m in Sources */,
				05A4DF8A16EEA16C0000F470 /* SignupLoginViewController.m in Sources */,
				05A4DF9116EEA16C0000F470 /* LoginViewController.m in Sources */,
				05D88BD816F02CE700A87D62 /* SignupViewController.m in Sources */,
				05D88BE716F18DDE00A87D62 /* TakePhotoViewController.m in Sources */,
				05D88C0516F2B74E00A87D62 /* SelectFavoriteViewController.m in Sources */,
				05D88C1216F30B1D00A87D62 /* SelectedPhotoViewController.m in Sources */,
				05B6EF1D16F6BA5E00146842 /* GalleryViewController.m in Sources */,
				05B6EF2816F7040400146842 /* GallerySelectedPhotoViewController.m in Sources */,
				05B6EF3716F71C0C00146842 /* SharePhotoViewController.m in Sources */,
			);
			runOnlyForDeploymentPostprocessing = 0;
		};
/* End PBXSourcesBuildPhase section */

/* Begin PBXVariantGroup section */
		05A4DF7916EEA16C0000F470 /* InfoPlist.strings */ = {
			isa = PBXVariantGroup;
			children = (
				05A4DF7A16EEA16C0000F470 /* en */,
			);
			name = InfoPlist.strings;
			sourceTree = "<group>";
		};
		05A4DF9616EEA16C0000F470 /* SignupLoginViewController.xib */ = {
			isa = PBXVariantGroup;
			children = (
				05A4DF9716EEA16C0000F470 /* en */,
			);
			name = SignupLoginViewController.xib;
			sourceTree = "<group>";
		};
		05A4DF9916EEA16C0000F470 /* LoginViewController.xib */ = {
			isa = PBXVariantGroup;
			children = (
				05A4DF9A16EEA16C0000F470 /* en */,
			);
			name = LoginViewController.xib;
			sourceTree = "<group>";
		};
		05D88BD116F02C9100A87D62 /* SignupViewController.xib */ = {
			isa = PBXVariantGroup;
			children = (
				05D88BD216F02C9100A87D62 /* en */,
			);
			name = SignupViewController.xib;
			sourceTree = "<group>";
		};
/* End PBXVariantGroup section */

/* Begin XCBuildConfiguration section */
		05A4DF9C16EEA16D0000F470 /* Debug */ = {
			isa = XCBuildConfiguration;
			buildSettings = {
				ALWAYS_SEARCH_USER_PATHS = NO;
				CLANG_CXX_LANGUAGE_STANDARD = "gnu++0x";
				CLANG_CXX_LIBRARY = "libc++";
				CLANG_WARN_CONSTANT_CONVERSION = YES;
				CLANG_WARN_EMPTY_BODY = YES;
				CLANG_WARN_ENUM_CONVERSION = YES;
				CLANG_WARN_INT_CONVERSION = YES;
				CLANG_WARN__DUPLICATE_METHOD_MATCH = YES;
				CODE_SIGN_IDENTITY = "iPhone Distribution";
				"CODE_SIGN_IDENTITY[sdk=iphoneos*]" = "iPhone Developer";
				COPY_PHASE_STRIP = NO;
				GCC_C_LANGUAGE_STANDARD = gnu99;
				GCC_DYNAMIC_NO_PIC = NO;
				GCC_OPTIMIZATION_LEVEL = 0;
				GCC_PREPROCESSOR_DEFINITIONS = (
					"DEBUG=1",
					"$(inherited)",
				);
				GCC_SYMBOLS_PRIVATE_EXTERN = NO;
				GCC_WARN_ABOUT_RETURN_TYPE = YES;
				GCC_WARN_UNINITIALIZED_AUTOS = YES;
				GCC_WARN_UNUSED_VARIABLE = YES;
				IPHONEOS_DEPLOYMENT_TARGET = 6.1;
				ONLY_ACTIVE_ARCH = YES;
				PROVISIONING_PROFILE = "";
				SDKROOT = iphoneos;
				TARGETED_DEVICE_FAMILY = 2;
			};
			name = Debug;
		};
		05A4DF9D16EEA16D0000F470 /* Release */ = {
			isa = XCBuildConfiguration;
			buildSettings = {
				ALWAYS_SEARCH_USER_PATHS = NO;
				CLANG_CXX_LANGUAGE_STANDARD = "gnu++0x";
				CLANG_CXX_LIBRARY = "libc++";
				CLANG_WARN_CONSTANT_CONVERSION = YES;
				CLANG_WARN_EMPTY_BODY = YES;
				CLANG_WARN_ENUM_CONVERSION = YES;
				CLANG_WARN_INT_CONVERSION = YES;
				CLANG_WARN__DUPLICATE_METHOD_MATCH = YES;
				CODE_SIGN_IDENTITY = "iPhone Distribution";
				"CODE_SIGN_IDENTITY[sdk=iphoneos*]" = "iPhone Developer";
				COPY_PHASE_STRIP = YES;
				GCC_C_LANGUAGE_STANDARD = gnu99;
				GCC_WARN_ABOUT_RETURN_TYPE = YES;
				GCC_WARN_UNINITIALIZED_AUTOS = YES;
				GCC_WARN_UNUSED_VARIABLE = YES;
				IPHONEOS_DEPLOYMENT_TARGET = 6.1;
				OTHER_CFLAGS = "-DNS_BLOCK_ASSERTIONS=1";
				PROVISIONING_PROFILE = "";
				SDKROOT = iphoneos;
				TARGETED_DEVICE_FAMILY = 2;
				VALIDATE_PRODUCT = YES;
			};
			name = Release;
		};
		05A4DF9F16EEA16D0000F470 /* Debug */ = {
			isa = XCBuildConfiguration;
			buildSettings = {
				CODE_SIGN_IDENTITY = "iPhone Developer: George Williams (WQ48A2BRFJ)";
				"CODE_SIGN_IDENTITY[sdk=iphoneos*]" = "iPhone Developer: George Williams (WQ48A2BRFJ)";
				GCC_PRECOMPILE_PREFIX_HEADER = YES;
				GCC_PREFIX_HEADER = "PhotomationApp/PhotomationApp-Prefix.pch";
				INFOPLIST_FILE = "PhotomationApp/PhotomationApp-Info.plist";
				PRODUCT_NAME = "$(TARGET_NAME)";
				PROVISIONING_PROFILE = "7085D754-1767-4C6A-990C-05168FB04FBE";
				"PROVISIONING_PROFILE[sdk=iphoneos*]" = "7085D754-1767-4C6A-990C-05168FB04FBE";
				WRAPPER_EXTENSION = app;
			};
			name = Debug;
		};
		05A4DFA016EEA16D0000F470 /* Release */ = {
			isa = XCBuildConfiguration;
			buildSettings = {
				CODE_SIGN_IDENTITY = "iPhone Developer: George Williams (WQ48A2BRFJ)";
				"CODE_SIGN_IDENTITY[sdk=iphoneos*]" = "iPhone Developer: George Williams (WQ48A2BRFJ)";
				GCC_PRECOMPILE_PREFIX_HEADER = YES;
				GCC_PREFIX_HEADER = "PhotomationApp/PhotomationApp-Prefix.pch";
				INFOPLIST_FILE = "PhotomationApp/PhotomationApp-Info.plist";
				PRODUCT_NAME = "$(TARGET_NAME)";
				PROVISIONING_PROFILE = "7085D754-1767-4C6A-990C-05168FB04FBE";
				"PROVISIONING_PROFILE[sdk=iphoneos*]" = "7085D754-1767-4C6A-990C-05168FB04FBE";
				WRAPPER_EXTENSION = app;
			};
			name = Release;
		};
/* End XCBuildConfiguration section */

/* Begin XCConfigurationList section */
		05A4DF6816EEA16C0000F470 /* Build configuration list for PBXProject "PhotomationApp" */ = {
			isa = XCConfigurationList;
			buildConfigurations = (
				05A4DF9C16EEA16D0000F470 /* Debug */,
				05A4DF9D16EEA16D0000F470 /* Release */,
			);
			defaultConfigurationIsVisible = 0;
			defaultConfigurationName = Release;
		};
		05A4DF9E16EEA16D0000F470 /* Build configuration list for PBXNativeTarget "photomationapp" */ = {
			isa = XCConfigurationList;
			buildConfigurations = (
				05A4DF9F16EEA16D0000F470 /* Debug */,
				05A4DFA016EEA16D0000F470 /* Release */,
			);
			defaultConfigurationIsVisible = 0;
			defaultConfigurationName = Release;
		};
/* End XCConfigurationList section */
	};
	rootObject = 05A4DF6516EEA16C0000F470 /* Project object */;
}
